
Microsoft Visual Studio Solution File, Format Version 12.00
# Visual Studio Version 17
VisualStudioVersion = 17.3.32901.215
MinimumVisualStudioVersion = 10.0.40219.1
Project("{FAE04EC0-301F-11D3-BF4B-00C04F79EFBC}") = "if else.örnek2", "if else.örnek2\if else.örnek2.csproj", "{DCC48EBE-F0E6-4716-A9C6-7D3ADA2A3656}"
EndProject
Global
	GlobalSection(SolutionConfigurationPlatforms) = preSolution
		Debug|Any CPU = Debug|Any CPU
		Release|Any CPU = Release|Any CPU
	EndGlobalSection
	GlobalSection(ProjectConfigurationPlatforms) = postSolution
		{DCC48EBE-F0E6-4716-A9C6-7D3ADA2A3656}.Debug|Any CPU.ActiveCfg = Debug|Any CPU
		{DCC48EBE-F0E6-4716-A9C6-7D3ADA2A3656}.Debug|Any CPU.Build.0 = Debug|Any CPU
		{DCC48EBE-F0E6-4716-A9C6-7D3ADA2A3656}.Release|Any CPU.ActiveCfg = Release|Any CPU
		{DCC48EBE-F0E6-4716-A9C6-7D3ADA2A3656}.Release|Any CPU.Build.0 = Release|Any CPU
	EndGlobalSection
	GlobalSection(SolutionProperties) = preSolution
		HideSolutionNode = FALSE
	EndGlobalSection
	GlobalSection(ExtensibilityGlobals) = postSolution
		SolutionGuid = {7561FA31-A728-49F3-82FC-EBAFBD857EE2}
	EndGlobalSection
EndGlobal
